
Microsoft Visual Studio Solution File, Format Version 12.00
# Visual Studio Version 17
VisualStudioVersion = 17.0.31903.59
MinimumVisualStudioVersion = 10.0.40219.1
Project("{FAE04EC0-301F-11D3-BF4B-00C04F79EFBC}") = "AppCatalogue", "AppCatalogue\AppCatalogue.csproj", "{EE48C223-F235-42B8-AA75-2196C27EFA78}"
EndProject
Project("{FAE04EC0-301F-11D3-BF4B-00C04F79EFBC}") = "AppCatalogueAdmin", "AppCatalogueAdmin\AppCatalogueAdmin.csproj", "{3678673D-0279-4509-A30B-59417DF6376F}"
EndProject
Project("{FAE04EC0-301F-11D3-BF4B-00C04F79EFBC}") = "AppCatalogue.Shared", "AppCatalogue.Shared\AppCatalogue.Shared.csproj", "{4969E11E-6ACE-4701-A119-91EE4156D0E7}"
EndProject
Global
	GlobalSection(SolutionConfigurationPlatforms) = preSolution
		Debug|Any CPU = Debug|Any CPU
		Debug|x64 = Debug|x64
		Debug|x86 = Debug|x86
		Release|Any CPU = Release|Any CPU
		Release|x64 = Release|x64
		Release|x86 = Release|x86
	EndGlobalSection
	GlobalSection(ProjectConfigurationPlatforms) = postSolution
		{EE48C223-F235-42B8-AA75-2196C27EFA78}.Debug|Any CPU.ActiveCfg = Debug|Any CPU
		{EE48C223-F235-42B8-AA75-2196C27EFA78}.Debug|Any CPU.Build.0 = Debug|Any CPU
		{EE48C223-F235-42B8-AA75-2196C27EFA78}.Debug|x64.ActiveCfg = Debug|Any CPU
		{EE48C223-F235-42B8-AA75-2196C27EFA78}.Debug|x64.Build.0 = Debug|Any CPU
		{EE48C223-F235-42B8-AA75-2196C27EFA78}.Debug|x86.ActiveCfg = Debug|Any CPU
		{EE48C223-F235-42B8-AA75-2196C27EFA78}.Debug|x86.Build.0 = Debug|Any CPU
		{EE48C223-F235-42B8-AA75-2196C27EFA78}.Release|Any CPU.ActiveCfg = Release|Any CPU
		{EE48C223-F235-42B8-AA75-2196C27EFA78}.Release|Any CPU.Build.0 = Release|Any CPU
		{EE48C223-F235-42B8-AA75-2196C27EFA78}.Release|x64.ActiveCfg = Release|Any CPU
		{EE48C223-F235-42B8-AA75-2196C27EFA78}.Release|x64.Build.0 = Release|Any CPU
		{EE48C223-F235-42B8-AA75-2196C27EFA78}.Release|x86.ActiveCfg = Release|Any CPU
		{EE48C223-F235-42B8-AA75-2196C27EFA78}.Release|x86.Build.0 = Release|Any CPU
		{3678673D-0279-4509-A30B-59417DF6376F}.Debug|Any CPU.ActiveCfg = Debug|Any CPU
		{3678673D-0279-4509-A30B-59417DF6376F}.Debug|Any CPU.Build.0 = Debug|Any CPU
		{3678673D-0279-4509-A30B-59417DF6376F}.Debug|x64.ActiveCfg = Debug|Any CPU
		{3678673D-0279-4509-A30B-59417DF6376F}.Debug|x64.Build.0 = Debug|Any CPU
		{3678673D-0279-4509-A30B-59417DF6376F}.Debug|x86.ActiveCfg = Debug|Any CPU
		{3678673D-0279-4509-A30B-59417DF6376F}.Debug|x86.Build.0 = Debug|Any CPU
		{3678673D-0279-4509-A30B-59417DF6376F}.Release|Any CPU.ActiveCfg = Release|Any CPU
		{3678673D-0279-4509-A30B-59417DF6376F}.Release|Any CPU.Build.0 = Release|Any CPU
		{3678673D-0279-4509-A30B-59417DF6376F}.Release|x64.ActiveCfg = Release|Any CPU
		{3678673D-0279-4509-A30B-59417DF6376F}.Release|x64.Build.0 = Release|Any CPU
		{3678673D-0279-4509-A30B-59417DF6376F}.Release|x86.ActiveCfg = Release|Any CPU
		{3678673D-0279-4509-A30B-59417DF6376F}.Release|x86.Build.0 = Release|Any CPU
		{4969E11E-6ACE-4701-A119-91EE4156D0E7}.Debug|Any CPU.ActiveCfg = Debug|Any CPU
		{4969E11E-6ACE-4701-A119-91EE4156D0E7}.Debug|Any CPU.Build.0 = Debug|Any CPU
		{4969E11E-6ACE-4701-A119-91EE4156D0E7}.Debug|x64.ActiveCfg = Debug|Any CPU
		{4969E11E-6ACE-4701-A119-91EE4156D0E7}.Debug|x64.Build.0 = Debug|Any CPU
		{4969E11E-6ACE-4701-A119-91EE4156D0E7}.Debug|x86.ActiveCfg = Debug|Any CPU
		{4969E11E-6ACE-4701-A119-91EE4156D0E7}.Debug|x86.Build.0 = Debug|Any CPU
		{4969E11E-6ACE-4701-A119-91EE4156D0E7}.Release|Any CPU.ActiveCfg = Release|Any CPU
		{4969E11E-6ACE-4701-A119-91EE4156D0E7}.Release|Any CPU.Build.0 = Release|Any CPU
		{4969E11E-6ACE-4701-A119-91EE4156D0E7}.Release|x64.ActiveCfg = Release|Any CPU
		{4969E11E-6ACE-4701-A119-91EE4156D0E7}.Release|x64.Build.0 = Release|Any CPU
		{4969E11E-6ACE-4701-A119-91EE4156D0E7}.Release|x86.ActiveCfg = Release|Any CPU
		{4969E11E-6ACE-4701-A119-91EE4156D0E7}.Release|x86.Build.0 = Release|Any CPU
	EndGlobalSection
	GlobalSection(SolutionProperties) = preSolution
		HideSolutionNode = FALSE
	EndGlobalSection
EndGlobal
